
Microsoft Visual Studio Solution File, Format Version 12.00
# Visual Studio 2013
VisualStudioVersion = 12.0.31101.0
MinimumVisualStudioVersion = 10.0.40219.1
Project("{FAE04EC0-301F-11D3-BF4B-00C04F79EFBC}") = "KPMG.Data", "KPMG.Data\KPMG.Data.csproj", "{710627DC-4E1B-40FE-BC7A-4F076DA83BEA}"
EndProject
Project("{FAE04EC0-301F-11D3-BF4B-00C04F79EFBC}") = "KPMG.Infrasructure", "KPMG.Infrasructure\KPMG.Infrasructure.csproj", "{F0F6E931-5981-437A-B85B-CCF117F413E8}"
EndProject
Project("{FAE04EC0-301F-11D3-BF4B-00C04F79EFBC}") = "KPMG.Core", "KPMG.Core\KPMG.Core.csproj", "{EA9108B1-6C18-49E7-96FA-EEBF005470CA}"
EndProject
Project("{FAE04EC0-301F-11D3-BF4B-00C04F79EFBC}") = "KPMG.WebAPI", "KPMG.WebAPI\KPMG.WebAPI.csproj", "{B7ACAF4E-E438-4A14-81AE-C7817943E04A}"
EndProject
Project("{FAE04EC0-301F-11D3-BF4B-00C04F79EFBC}") = "KPMG.Web", "KPMG.Web\KPMG.Web.csproj", "{F8B76E4D-AA7B-4B99-A9F4-1F4DED2B2EB8}"
EndProject
Global
	GlobalSection(SolutionConfigurationPlatforms) = preSolution
		Debug|Any CPU = Debug|Any CPU
		Release|Any CPU = Release|Any CPU
	EndGlobalSection
	GlobalSection(ProjectConfigurationPlatforms) = postSolution
		{710627DC-4E1B-40FE-BC7A-4F076DA83BEA}.Debug|Any CPU.ActiveCfg = Debug|Any CPU
		{710627DC-4E1B-40FE-BC7A-4F076DA83BEA}.Debug|Any CPU.Build.0 = Debug|Any CPU
		{710627DC-4E1B-40FE-BC7A-4F076DA83BEA}.Release|Any CPU.ActiveCfg = Release|Any CPU
		{710627DC-4E1B-40FE-BC7A-4F076DA83BEA}.Release|Any CPU.Build.0 = Release|Any CPU
		{F0F6E931-5981-437A-B85B-CCF117F413E8}.Debug|Any CPU.ActiveCfg = Debug|Any CPU
		{F0F6E931-5981-437A-B85B-CCF117F413E8}.Debug|Any CPU.Build.0 = Debug|Any CPU
		{F0F6E931-5981-437A-B85B-CCF117F413E8}.Release|Any CPU.ActiveCfg = Release|Any CPU
		{F0F6E931-5981-437A-B85B-CCF117F413E8}.Release|Any CPU.Build.0 = Release|Any CPU
		{EA9108B1-6C18-49E7-96FA-EEBF005470CA}.Debug|Any CPU.ActiveCfg = Debug|Any CPU
		{EA9108B1-6C18-49E7-96FA-EEBF005470CA}.Debug|Any CPU.Build.0 = Debug|Any CPU
		{EA9108B1-6C18-49E7-96FA-EEBF005470CA}.Release|Any CPU.ActiveCfg = Release|Any CPU
		{EA9108B1-6C18-49E7-96FA-EEBF005470CA}.Release|Any CPU.Build.0 = Release|Any CPU
		{B7ACAF4E-E438-4A14-81AE-C7817943E04A}.Debug|Any CPU.ActiveCfg = Debug|Any CPU
		{B7ACAF4E-E438-4A14-81AE-C7817943E04A}.Debug|Any CPU.Build.0 = Debug|Any CPU
		{B7ACAF4E-E438-4A14-81AE-C7817943E04A}.Release|Any CPU.ActiveCfg = Release|Any CPU
		{B7ACAF4E-E438-4A14-81AE-C7817943E04A}.Release|Any CPU.Build.0 = Release|Any CPU
		{F8B76E4D-AA7B-4B99-A9F4-1F4DED2B2EB8}.Debug|Any CPU.ActiveCfg = Debug|Any CPU
		{F8B76E4D-AA7B-4B99-A9F4-1F4DED2B2EB8}.Debug|Any CPU.Build.0 = Debug|Any CPU
		{F8B76E4D-AA7B-4B99-A9F4-1F4DED2B2EB8}.Release|Any CPU.ActiveCfg = Release|Any CPU
		{F8B76E4D-AA7B-4B99-A9F4-1F4DED2B2EB8}.Release|Any CPU.Build.0 = Release|Any CPU
	EndGlobalSection
	GlobalSection(SolutionProperties) = preSolution
		HideSolutionNode = FALSE
	EndGlobalSection
EndGlobal
